
Microsoft Visual Studio Solution File, Format Version 12.00
Project("{F2A71F9B-5D33-465A-A702-920D77279786}") = "Cli", "Cli\Cli.fsproj", "{7FD419E4-6022-4336-915B-C2C76DE0CDB9}"
EndProject
Project("{F2A71F9B-5D33-465A-A702-920D77279786}") = "Mana", "Mana\Mana.fsproj", "{EC3C500D-7BE3-47DF-ACC9-7CCE7EF2AD4D}"
EndProject
Project("{F2A71F9B-5D33-465A-A702-920D77279786}") = "Tests", "Tests\Tests.fsproj", "{9EB369FB-FB9D-41FC-A3E7-5C73122FF097}"
EndProject
Project("{FAE04EC0-301F-11D3-BF4B-00C04F79EFBC}") = "Example Csharp", "Example Csharp\Example Csharp.csproj", "{2E51CBFC-B55D-4574-A612-D8EA82752169}"
EndProject
Project("{F2A71F9B-5D33-465A-A702-920D77279786}") = "Example Fsharp", "Example Fsharp\Example Fsharp.fsproj", "{6382610B-B915-478A-9082-72EEB94834E4}"
EndProject
Global
	GlobalSection(SolutionConfigurationPlatforms) = preSolution
		Debug|Any CPU = Debug|Any CPU
		Release|Any CPU = Release|Any CPU
	EndGlobalSection
	GlobalSection(ProjectConfigurationPlatforms) = postSolution
		{7FD419E4-6022-4336-915B-C2C76DE0CDB9}.Debug|Any CPU.ActiveCfg = Debug|Any CPU
		{7FD419E4-6022-4336-915B-C2C76DE0CDB9}.Debug|Any CPU.Build.0 = Debug|Any CPU
		{7FD419E4-6022-4336-915B-C2C76DE0CDB9}.Release|Any CPU.ActiveCfg = Release|Any CPU
		{7FD419E4-6022-4336-915B-C2C76DE0CDB9}.Release|Any CPU.Build.0 = Release|Any CPU
		{EC3C500D-7BE3-47DF-ACC9-7CCE7EF2AD4D}.Debug|Any CPU.ActiveCfg = Debug|Any CPU
		{EC3C500D-7BE3-47DF-ACC9-7CCE7EF2AD4D}.Debug|Any CPU.Build.0 = Debug|Any CPU
		{EC3C500D-7BE3-47DF-ACC9-7CCE7EF2AD4D}.Release|Any CPU.ActiveCfg = Release|Any CPU
		{EC3C500D-7BE3-47DF-ACC9-7CCE7EF2AD4D}.Release|Any CPU.Build.0 = Release|Any CPU
		{9EB369FB-FB9D-41FC-A3E7-5C73122FF097}.Debug|Any CPU.ActiveCfg = Debug|Any CPU
		{9EB369FB-FB9D-41FC-A3E7-5C73122FF097}.Debug|Any CPU.Build.0 = Debug|Any CPU
		{9EB369FB-FB9D-41FC-A3E7-5C73122FF097}.Release|Any CPU.ActiveCfg = Release|Any CPU
		{9EB369FB-FB9D-41FC-A3E7-5C73122FF097}.Release|Any CPU.Build.0 = Release|Any CPU
		{2E51CBFC-B55D-4574-A612-D8EA82752169}.Debug|Any CPU.ActiveCfg = Debug|Any CPU
		{2E51CBFC-B55D-4574-A612-D8EA82752169}.Debug|Any CPU.Build.0 = Debug|Any CPU
		{2E51CBFC-B55D-4574-A612-D8EA82752169}.Release|Any CPU.ActiveCfg = Release|Any CPU
		{2E51CBFC-B55D-4574-A612-D8EA82752169}.Release|Any CPU.Build.0 = Release|Any CPU
		{6382610B-B915-478A-9082-72EEB94834E4}.Debug|Any CPU.ActiveCfg = Debug|Any CPU
		{6382610B-B915-478A-9082-72EEB94834E4}.Debug|Any CPU.Build.0 = Debug|Any CPU
		{6382610B-B915-478A-9082-72EEB94834E4}.Release|Any CPU.ActiveCfg = Release|Any CPU
		{6382610B-B915-478A-9082-72EEB94834E4}.Release|Any CPU.Build.0 = Release|Any CPU
	EndGlobalSection
EndGlobal
